
Microsoft Visual Studio Solution File, Format Version 12.00
# Visual Studio Version 17
VisualStudioVersion = 17.11.35431.28
MinimumVisualStudioVersion = 10.0.40219.1
Project("{9A19103F-16F7-4668-BE54-9A1E7A4F7556}") = "STD.PL", "STD.PL\STD.PL.csproj", "{FE75C47F-9E5D-4DD4-B88B-F4A3DFDB953C}"
EndProject
Project("{FAE04EC0-301F-11D3-BF4B-00C04F79EFBC}") = "STD.PL.Test", "STD.PL.Test\STD.PL.Test.csproj", "{F25DA53A-6352-4E38-B7C9-10C848FC074E}"
EndProject
Global
	GlobalSection(SolutionConfigurationPlatforms) = preSolution
		Debug|Any CPU = Debug|Any CPU
		Release|Any CPU = Release|Any CPU
	EndGlobalSection
	GlobalSection(ProjectConfigurationPlatforms) = postSolution
		{FE75C47F-9E5D-4DD4-B88B-F4A3DFDB953C}.Debug|Any CPU.ActiveCfg = Debug|Any CPU
		{FE75C47F-9E5D-4DD4-B88B-F4A3DFDB953C}.Debug|Any CPU.Build.0 = Debug|Any CPU
		{FE75C47F-9E5D-4DD4-B88B-F4A3DFDB953C}.Release|Any CPU.ActiveCfg = Release|Any CPU
		{FE75C47F-9E5D-4DD4-B88B-F4A3DFDB953C}.Release|Any CPU.Build.0 = Release|Any CPU
		{F25DA53A-6352-4E38-B7C9-10C848FC074E}.Debug|Any CPU.ActiveCfg = Debug|Any CPU
		{F25DA53A-6352-4E38-B7C9-10C848FC074E}.Debug|Any CPU.Build.0 = Debug|Any CPU
		{F25DA53A-6352-4E38-B7C9-10C848FC074E}.Release|Any CPU.ActiveCfg = Release|Any CPU
		{F25DA53A-6352-4E38-B7C9-10C848FC074E}.Release|Any CPU.Build.0 = Release|Any CPU
	EndGlobalSection
	GlobalSection(SolutionProperties) = preSolution
		HideSolutionNode = FALSE
	EndGlobalSection
	GlobalSection(ExtensibilityGlobals) = postSolution
		SolutionGuid = {62CEEA3B-DB47-4118-B733-5D55F7DC8854}
	EndGlobalSection
EndGlobal
